PODS:
  - background_fetch (0.5.6):
    - Flutter
  - Flutter (1.0.0)
  - flutter_local_notifications (0.0.1):
    - Flutter
  - path_provider (0.0.1):
    - Flutter

DEPENDENCIES:
  - background_fetch (from `.symlinks/plugins/background_fetch/ios`)
  - Flutter (from `Flutter`)
  - flutter_local_notifications (from `.symlinks/plugins/flutter_local_notifications/ios`)
  - path_provider (from `.symlinks/plugins/path_provider/ios`)

EXTERNAL SOURCES:
  background_fetch:
    :path: ".symlinks/plugins/background_fetch/ios"
  Flutter:
    :path: Flutter
  flutter_local_notifications:
    :path: ".symlinks/plugins/flutter_local_notifications/ios"
  path_provider:
    :path: ".symlinks/plugins/path_provider/ios"

SPEC CHECKSUMS:
  background_fetch: 9e1c6c010f2bafe94108358405b7f2a08d6b5ab1
  Flutter: 0e3d915762c693b495b44d77113d4970485de6ec
  flutter_local_notifications: 9e4738ce2471c5af910d961a6b7eadcf57c50186
  path_provider: abfe2b5c733d04e238b0d8691db0cfd63a27a93c

PODFILE CHECKSUM: 30517025a2fecca2d72dac25f08abb5b9a8f1a56

COCOAPODS: 1.9.3
